{
  "name": "bmi_calculator",
  "version": "1.0.0",
  "lockfileVersion": 3,
  "requires": true,
  "packages": {
    "": {
      "name": "bmi_calculator",
      "version": "1.0.0",
      "license": "ISC",
      "dependencies": {
        "bmi_calculator": "file:"
      }
    },
    "node_modules/bmi_calculator": {
      "resolved": "",
      "link": true
    }
  }
}
